
Microsoft Visual Studio Solution File, Format Version 12.00
Project("{FAE04EC0-301F-11D3-BF4B-00C04F79EFBC}") = "BuberDinner.Contracts", "BuberDinner.Contracts\BuberDinner.Contracts.csproj", "{56E3CF08-059F-4BEB-AEB3-F5D922BCEEEB}"
EndProject
Project("{FAE04EC0-301F-11D3-BF4B-00C04F79EFBC}") = "BuberDinner.Infrasctructure", "BuberDinner.Infrasctructure\BuberDinner.Infrasctructure.csproj", "{D56B4C19-FDDF-466A-9AF8-2CE2C39B8AED}"
EndProject
Project("{FAE04EC0-301F-11D3-BF4B-00C04F79EFBC}") = "BuberDinner.Application", "BuberDinner.Application\BuberDinner.Application.csproj", "{6EE91063-021D-4140-811B-200199059A06}"
EndProject
Project("{FAE04EC0-301F-11D3-BF4B-00C04F79EFBC}") = "BuberDinner.Domain", "BuberDinner.Domain\BuberDinner.Domain.csproj", "{4242A663-03BE-4D2A-BD99-E0B4776301C8}"
EndProject
Project("{FAE04EC0-301F-11D3-BF4B-00C04F79EFBC}") = "BuberDinner.Api", "BuberDinner.Api\BuberDinner.Api.csproj", "{F3AC31B1-CD69-4973-9C98-D3EFAA7B85C8}"
EndProject
Global
	GlobalSection(SolutionConfigurationPlatforms) = preSolution
		Debug|Any CPU = Debug|Any CPU
		Release|Any CPU = Release|Any CPU
	EndGlobalSection
	GlobalSection(ProjectConfigurationPlatforms) = postSolution
		{56E3CF08-059F-4BEB-AEB3-F5D922BCEEEB}.Debug|Any CPU.ActiveCfg = Debug|Any CPU
		{56E3CF08-059F-4BEB-AEB3-F5D922BCEEEB}.Debug|Any CPU.Build.0 = Debug|Any CPU
		{56E3CF08-059F-4BEB-AEB3-F5D922BCEEEB}.Release|Any CPU.ActiveCfg = Release|Any CPU
		{56E3CF08-059F-4BEB-AEB3-F5D922BCEEEB}.Release|Any CPU.Build.0 = Release|Any CPU
		{D56B4C19-FDDF-466A-9AF8-2CE2C39B8AED}.Debug|Any CPU.ActiveCfg = Debug|Any CPU
		{D56B4C19-FDDF-466A-9AF8-2CE2C39B8AED}.Debug|Any CPU.Build.0 = Debug|Any CPU
		{D56B4C19-FDDF-466A-9AF8-2CE2C39B8AED}.Release|Any CPU.ActiveCfg = Release|Any CPU
		{D56B4C19-FDDF-466A-9AF8-2CE2C39B8AED}.Release|Any CPU.Build.0 = Release|Any CPU
		{6EE91063-021D-4140-811B-200199059A06}.Debug|Any CPU.ActiveCfg = Debug|Any CPU
		{6EE91063-021D-4140-811B-200199059A06}.Debug|Any CPU.Build.0 = Debug|Any CPU
		{6EE91063-021D-4140-811B-200199059A06}.Release|Any CPU.ActiveCfg = Release|Any CPU
		{6EE91063-021D-4140-811B-200199059A06}.Release|Any CPU.Build.0 = Release|Any CPU
		{4242A663-03BE-4D2A-BD99-E0B4776301C8}.Debug|Any CPU.ActiveCfg = Debug|Any CPU
		{4242A663-03BE-4D2A-BD99-E0B4776301C8}.Debug|Any CPU.Build.0 = Debug|Any CPU
		{4242A663-03BE-4D2A-BD99-E0B4776301C8}.Release|Any CPU.ActiveCfg = Release|Any CPU
		{4242A663-03BE-4D2A-BD99-E0B4776301C8}.Release|Any CPU.Build.0 = Release|Any CPU
		{F3AC31B1-CD69-4973-9C98-D3EFAA7B85C8}.Debug|Any CPU.ActiveCfg = Debug|Any CPU
		{F3AC31B1-CD69-4973-9C98-D3EFAA7B85C8}.Debug|Any CPU.Build.0 = Debug|Any CPU
		{F3AC31B1-CD69-4973-9C98-D3EFAA7B85C8}.Release|Any CPU.ActiveCfg = Release|Any CPU
		{F3AC31B1-CD69-4973-9C98-D3EFAA7B85C8}.Release|Any CPU.Build.0 = Release|Any CPU
	EndGlobalSection
EndGlobal
